
Microsoft Visual Studio Solution File, Format Version 12.00
# Visual Studio Version 17
VisualStudioVersion = 17.0.31912.275
MinimumVisualStudioVersion = 10.0.40219.1
Project("{FAE04EC0-301F-11D3-BF4B-00C04F79EFBC}") = "WindowsFormsApp1", "WindowsFormsApp1\WindowsFormsApp1.csproj", "{880B2FF5-0292-4D61-AEAF-5F59B6027DAB}"
EndProject
Global
	GlobalSection(SolutionConfigurationPlatforms) = preSolution
		Debug|Any CPU = Debug|Any CPU
		Release|Any CPU = Release|Any CPU
	EndGlobalSection
	GlobalSection(ProjectConfigurationPlatforms) = postSolution
		{880B2FF5-0292-4D61-AEAF-5F59B6027DAB}.Debug|Any CPU.ActiveCfg = Debug|Any CPU
		{880B2FF5-0292-4D61-AEAF-5F59B6027DAB}.Debug|Any CPU.Build.0 = Debug|Any CPU
		{880B2FF5-0292-4D61-AEAF-5F59B6027DAB}.Release|Any CPU.ActiveCfg = Release|Any CPU
		{880B2FF5-0292-4D61-AEAF-5F59B6027DAB}.Release|Any CPU.Build.0 = Release|Any CPU
	EndGlobalSection
	GlobalSection(SolutionProperties) = preSolution
		HideSolutionNode = FALSE
	EndGlobalSection
	GlobalSection(ExtensibilityGlobals) = postSolution
		SolutionGuid = {BAE980E8-F3C5-4582-9AA0-31CA44EC45FF}
	EndGlobalSection
EndGlobal
